
Microsoft Visual Studio Solution File, Format Version 12.00
# Visual Studio Version 17
VisualStudioVersion = 17.3.32922.545
MinimumVisualStudioVersion = 10.0.40219.1
Project("{FAE04EC0-301F-11D3-BF4B-00C04F79EFBC}") = "Polpettone", "Polpettone\Polpettone.csproj", "{ACF75BE2-BBCD-4060-BE80-1F5EEB0450D7}"
EndProject
Global
	GlobalSection(SolutionConfigurationPlatforms) = preSolution
		Debug|Any CPU = Debug|Any CPU
		Release|Any CPU = Release|Any CPU
	EndGlobalSection
	GlobalSection(ProjectConfigurationPlatforms) = postSolution
		{ACF75BE2-BBCD-4060-BE80-1F5EEB0450D7}.Debug|Any CPU.ActiveCfg = Debug|Any CPU
		{ACF75BE2-BBCD-4060-BE80-1F5EEB0450D7}.Debug|Any CPU.Build.0 = Debug|Any CPU
		{ACF75BE2-BBCD-4060-BE80-1F5EEB0450D7}.Release|Any CPU.ActiveCfg = Release|Any CPU
		{ACF75BE2-BBCD-4060-BE80-1F5EEB0450D7}.Release|Any CPU.Build.0 = Release|Any CPU
	EndGlobalSection
	GlobalSection(SolutionProperties) = preSolution
		HideSolutionNode = FALSE
	EndGlobalSection
	GlobalSection(ExtensibilityGlobals) = postSolution
		SolutionGuid = {44199E89-D6AF-495A-96DC-F2318DA105FA}
	EndGlobalSection
EndGlobal
